# This file is automatically @generated by Cargo.
# It is not intended for manual editing.
version = 4

[[package]]
name = "win_fluent"
version = "0.1.0"

[[package]]
name = "win_fluent_gallery"
version = "0.1.0"
dependencies = [
 "win_fluent",
 "win_fluent_testkit",
]

[[package]]
name = "win_fluent_testkit"
version = "0.1.0"
dependencies = [
 "win_fluent",
]
