
Microsoft Visual Studio Solution File, Format Version 12.00
# Visual Studio Version 17
VisualStudioVersion = 17.0.31903.59
MinimumVisualStudioVersion = 10.0.40219.1
Project("{FAE04EC0-301F-11D3-BF4B-00C04F79EFBC}") = "Easydict.SidecarClient", "src\Easydict.SidecarClient\Easydict.SidecarClient.csproj", "{A1B2C3D4-E5F6-7890-ABCD-EF1234567890}"
EndProject
Project("{FAE04EC0-301F-11D3-BF4B-00C04F79EFBC}") = "E2E.SidecarClient", "e2e\E2E.SidecarClient.csproj", "{B2C3D4E5-F6A7-8901-BCDE-F12345678901}"
EndProject
Project("{2150E333-8FDC-42A3-9474-1A3956D46DE8}") = "src", "src", "{AB2BBC7D-BD1A-4F69-AE7D-1F990D21DC05}"
EndProject
Project("{FAE04EC0-301F-11D3-BF4B-00C04F79EFBC}") = "Easydict.WinUI", "src\Easydict.WinUI\Easydict.WinUI.csproj", "{3BECF88A-8440-4B81-9763-F3A380007248}"
EndProject
Project("{FAE04EC0-301F-11D3-BF4B-00C04F79EFBC}") = "Easydict.TranslationService", "src\Easydict.TranslationService\Easydict.TranslationService.csproj", "{A8876090-18E2-4962-B7A3-B0A191DE49D4}"
EndProject
Project("{2150E333-8FDC-42A3-9474-1A3956D46DE8}") = "tests", "tests", "{0AB3BF05-4346-4AA6-1389-037BE0695223}"
EndProject
Project("{FAE04EC0-301F-11D3-BF4B-00C04F79EFBC}") = "Easydict.TranslationService.Tests", "tests\Easydict.TranslationService.Tests\Easydict.TranslationService.Tests.csproj", "{678608FD-AB4E-422A-86E9-47066BD85D56}"
EndProject
Project("{FAE04EC0-301F-11D3-BF4B-00C04F79EFBC}") = "Easydict.WinUI.Tests", "tests\Easydict.WinUI.Tests\Easydict.WinUI.Tests.csproj", "{AA92A836-78EA-429A-B75C-CEB22479ABC8}"
EndProject
Project("{FAE04EC0-301F-11D3-BF4B-00C04F79EFBC}") = "Easydict.UIAutomation.Tests", "tests\Easydict.UIAutomation.Tests\Easydict.UIAutomation.Tests.csproj", "{D1E2F3A4-B5C6-7890-D1E2-F3A4B5C67890}"
EndProject
Project("{FAE04EC0-301F-11D3-BF4B-00C04F79EFBC}") = "Easydict.NativeBridge", "src\Easydict.NativeBridge\Easydict.NativeBridge.csproj", "{E1F2A3B4-C5D6-7890-E1F2-A3B4C5D67890}"
EndProject
Project("{FAE04EC0-301F-11D3-BF4B-00C04F79EFBC}") = "Easydict.BrowserRegistrar", "src\Easydict.BrowserRegistrar\Easydict.BrowserRegistrar.csproj", "{F2A3B4C5-D6E7-8901-F2A3-B4C5D6E78901}"
EndProject
Project("{FAE04EC0-301F-11D3-BF4B-00C04F79EFBC}") = "Easydict.BrowserRegistrar.Tests", "tests\Easydict.BrowserRegistrar.Tests\Easydict.BrowserRegistrar.Tests.csproj", "{A3B4C5D6-E7F8-9012-A3B4-C5D6E7F89012}"
EndProject
Project("{FAE04EC0-301F-11D3-BF4B-00C04F79EFBC}") = "Polyglot.TextLayout", "src\Polyglot.TextLayout\Polyglot.TextLayout.csproj", "{C4D5E6F7-A8B9-0123-C4D5-E6F7A8B90123}"
EndProject
Project("{FAE04EC0-301F-11D3-BF4B-00C04F79EFBC}") = "Easydict.WindowsAI", "src\Easydict.WindowsAI\Easydict.WindowsAI.csproj", "{F7902D85-CE6A-42E1-A9B0-19D4E5F2B6EA}"
EndProject
Project("{FAE04EC0-301F-11D3-BF4B-00C04F79EFBC}") = "Easydict.OpenVINO", "src\Easydict.OpenVINO\Easydict.OpenVINO.csproj", "{E6B32897-1296-4CB8-8136-A519C2E88E03}"
EndProject
Project("{FAE04EC0-301F-11D3-BF4B-00C04F79EFBC}") = "Polyglot.TextLayout.Tests", "tests\Polyglot.TextLayout.Tests\Polyglot.TextLayout.Tests.csproj", "{D5E6F7A8-B9C0-1234-D5E6-F7A8B9C01234}"
EndProject
Project("{FAE04EC0-301F-11D3-BF4B-00C04F79EFBC}") = "Easydict.Llm.Streaming", "src\Easydict.Llm.Streaming\Easydict.Llm.Streaming.csproj", "{B6C7D8E9-F0A1-2345-B6C7-D8E9F0A12345}"
EndProject
Project("{FAE04EC0-301F-11D3-BF4B-00C04F79EFBC}") = "Easydict.Llm.Streaming.Tests", "tests\Easydict.Llm.Streaming.Tests\Easydict.Llm.Streaming.Tests.csproj", "{C7D8E9F0-A1B2-3456-C7D8-E9F0A1B23456}"
EndProject
Project("{2150E333-8FDC-42A3-9474-1A3956D46DE8}") = "lib", "lib", "{0DDC767C-8A47-4C6E-876C-D5C353A97E5B}"
EndProject
Project("{2150E333-8FDC-42A3-9474-1A3956D46DE8}") = "LexIndex", "LexIndex", "{2D1C37E2-E772-426A-A1A6-4884D263F6F4}"
EndProject
Project("{2150E333-8FDC-42A3-9474-1A3956D46DE8}") = "src", "src", "{949D86CB-E41E-47FD-80EF-8E523AEE7E62}"
EndProject
Project("{FAE04EC0-301F-11D3-BF4B-00C04F79EFBC}") = "LexIndex", "lib\LexIndex\src\LexIndex\LexIndex.csproj", "{D42ACABA-B66A-46B9-B2B8-31E868A23B4C}"
EndProject
Project("{2150E333-8FDC-42A3-9474-1A3956D46DE8}") = "tests", "tests", "{D56F6157-0824-475C-B217-9CAE031B625E}"
EndProject
Project("{FAE04EC0-301F-11D3-BF4B-00C04F79EFBC}") = "LexIndex.Tests", "lib\LexIndex\tests\LexIndex.Tests\LexIndex.Tests.csproj", "{7DEC494F-ED3B-44E2-86A4-41C6D403B72A}"
EndProject
Project("{FAE04EC0-301F-11D3-BF4B-00C04F79EFBC}") = "Easydict.Workers.Ocr", "src\Easydict.Workers.Ocr\Easydict.Workers.Ocr.csproj", "{5B8B2339-9791-48FC-89F7-4E65A0E103DF}"
EndProject
Project("{FAE04EC0-301F-11D3-BF4B-00C04F79EFBC}") = "Easydict.DocumentExport", "src\Easydict.DocumentExport\Easydict.DocumentExport.csproj", "{E1742B63-A84C-495E-929E-6B61A8397D84}"
EndProject
Project("{FAE04EC0-301F-11D3-BF4B-00C04F79EFBC}") = "UglyToad.PdfPig", "..\lib\PdfPig\src\UglyToad.PdfPig\UglyToad.PdfPig.csproj", "{DBE42D91-03E7-41C9-A87A-888700DF762D}"
EndProject
Project("{FAE04EC0-301F-11D3-BF4B-00C04F79EFBC}") = "UglyToad.PdfPig.Core", "..\lib\PdfPig\src\UglyToad.PdfPig.Core\UglyToad.PdfPig.Core.csproj", "{67C2D0C9-5C2C-4362-96A4-898F1AC5BEA2}"
EndProject
Project("{FAE04EC0-301F-11D3-BF4B-00C04F79EFBC}") = "UglyToad.PdfPig.Fonts", "..\lib\PdfPig\src\UglyToad.PdfPig.Fonts\UglyToad.PdfPig.Fonts.csproj", "{F096F953-1D35-4D00-B963-E2FDDF707109}"
EndProject
Project("{FAE04EC0-301F-11D3-BF4B-00C04F79EFBC}") = "UglyToad.PdfPig.Tokenization", "..\lib\PdfPig\src\UglyToad.PdfPig.Tokenization\UglyToad.PdfPig.Tokenization.csproj", "{ADAD87DD-FD3C-48AF-A681-9C96D3096CF6}"
EndProject
Project("{FAE04EC0-301F-11D3-BF4B-00C04F79EFBC}") = "UglyToad.PdfPig.Tokens", "..\lib\PdfPig\src\UglyToad.PdfPig.Tokens\UglyToad.PdfPig.Tokens.csproj", "{84C3C5C5-7F93-4B25-BCF2-84F3411088B7}"
EndProject
Project("{FAE04EC0-301F-11D3-BF4B-00C04F79EFBC}") = "Easydict.Workers.LongDoc", "src\Easydict.Workers.LongDoc\Easydict.Workers.LongDoc.csproj", "{4734E233-B9B0-4EB3-AF1E-0EB2B5292A58}"
EndProject
Global
	GlobalSection(SolutionConfigurationPlatforms) = preSolution
		Debug|Any CPU = Debug|Any CPU
		Debug|x64 = Debug|x64
		Debug|x86 = Debug|x86
		Release|Any CPU = Release|Any CPU
		Release|x64 = Release|x64
		Release|x86 = Release|x86
	EndGlobalSection
	GlobalSection(ProjectConfigurationPlatforms) = postSolution
		{A1B2C3D4-E5F6-7890-ABCD-EF1234567890}.Debug|Any CPU.ActiveCfg = Debug|Any CPU
		{A1B2C3D4-E5F6-7890-ABCD-EF1234567890}.Debug|Any CPU.Build.0 = Debug|Any CPU
		{A1B2C3D4-E5F6-7890-ABCD-EF1234567890}.Debug|x64.ActiveCfg = Debug|Any CPU
		{A1B2C3D4-E5F6-7890-ABCD-EF1234567890}.Debug|x64.Build.0 = Debug|Any CPU
		{A1B2C3D4-E5F6-7890-ABCD-EF1234567890}.Debug|x86.ActiveCfg = Debug|Any CPU
		{A1B2C3D4-E5F6-7890-ABCD-EF1234567890}.Debug|x86.Build.0 = Debug|Any CPU
		{A1B2C3D4-E5F6-7890-ABCD-EF1234567890}.Release|Any CPU.ActiveCfg = Release|Any CPU
		{A1B2C3D4-E5F6-7890-ABCD-EF1234567890}.Release|Any CPU.Build.0 = Release|Any CPU
		{A1B2C3D4-E5F6-7890-ABCD-EF1234567890}.Release|x64.ActiveCfg = Release|Any CPU
		{A1B2C3D4-E5F6-7890-ABCD-EF1234567890}.Release|x64.Build.0 = Release|Any CPU
		{A1B2C3D4-E5F6-7890-ABCD-EF1234567890}.Release|x86.ActiveCfg = Release|Any CPU
		{A1B2C3D4-E5F6-7890-ABCD-EF1234567890}.Release|x86.Build.0 = Release|Any CPU
		{B2C3D4E5-F6A7-8901-BCDE-F12345678901}.Debug|Any CPU.ActiveCfg = Debug|Any CPU
		{B2C3D4E5-F6A7-8901-BCDE-F12345678901}.Debug|Any CPU.Build.0 = Debug|Any CPU
		{B2C3D4E5-F6A7-8901-BCDE-F12345678901}.Debug|x64.ActiveCfg = Debug|Any CPU
		{B2C3D4E5-F6A7-8901-BCDE-F12345678901}.Debug|x64.Build.0 = Debug|Any CPU
		{B2C3D4E5-F6A7-8901-BCDE-F12345678901}.Debug|x86.ActiveCfg = Debug|Any CPU
		{B2C3D4E5-F6A7-8901-BCDE-F12345678901}.Debug|x86.Build.0 = Debug|Any CPU
		{B2C3D4E5-F6A7-8901-BCDE-F12345678901}.Release|Any CPU.ActiveCfg = Release|Any CPU
		{B2C3D4E5-F6A7-8901-BCDE-F12345678901}.Release|Any CPU.Build.0 = Release|Any CPU
		{B2C3D4E5-F6A7-8901-BCDE-F12345678901}.Release|x64.ActiveCfg = Release|Any CPU
		{B2C3D4E5-F6A7-8901-BCDE-F12345678901}.Release|x64.Build.0 = Release|Any CPU
		{B2C3D4E5-F6A7-8901-BCDE-F12345678901}.Release|x86.ActiveCfg = Release|Any CPU
		{B2C3D4E5-F6A7-8901-BCDE-F12345678901}.Release|x86.Build.0 = Release|Any CPU
		{3BECF88A-8440-4B81-9763-F3A380007248}.Debug|Any CPU.ActiveCfg = Debug|x86
		{3BECF88A-8440-4B81-9763-F3A380007248}.Debug|Any CPU.Build.0 = Debug|x86
		{3BECF88A-8440-4B81-9763-F3A380007248}.Debug|x64.ActiveCfg = Debug|Any CPU
		{3BECF88A-8440-4B81-9763-F3A380007248}.Debug|x64.Build.0 = Debug|Any CPU
		{3BECF88A-8440-4B81-9763-F3A380007248}.Debug|x86.ActiveCfg = Debug|Any CPU
		{3BECF88A-8440-4B81-9763-F3A380007248}.Debug|x86.Build.0 = Debug|Any CPU
		{3BECF88A-8440-4B81-9763-F3A380007248}.Release|Any CPU.ActiveCfg = Release|x86
		{3BECF88A-8440-4B81-9763-F3A380007248}.Release|Any CPU.Build.0 = Release|x86
		{3BECF88A-8440-4B81-9763-F3A380007248}.Release|x64.ActiveCfg = Release|Any CPU
		{3BECF88A-8440-4B81-9763-F3A380007248}.Release|x64.Build.0 = Release|Any CPU
		{3BECF88A-8440-4B81-9763-F3A380007248}.Release|x86.ActiveCfg = Release|Any CPU
		{3BECF88A-8440-4B81-9763-F3A380007248}.Release|x86.Build.0 = Release|Any CPU
		{A8876090-18E2-4962-B7A3-B0A191DE49D4}.Debug|Any CPU.ActiveCfg = Debug|Any CPU
		{A8876090-18E2-4962-B7A3-B0A191DE49D4}.Debug|Any CPU.Build.0 = Debug|Any CPU
		{A8876090-18E2-4962-B7A3-B0A191DE49D4}.Debug|x64.ActiveCfg = Debug|Any CPU
		{A8876090-18E2-4962-B7A3-B0A191DE49D4}.Debug|x64.Build.0 = Debug|Any CPU
		{A8876090-18E2-4962-B7A3-B0A191DE49D4}.Debug|x86.ActiveCfg = Debug|Any CPU
		{A8876090-18E2-4962-B7A3-B0A191DE49D4}.Debug|x86.Build.0 = Debug|Any CPU
		{A8876090-18E2-4962-B7A3-B0A191DE49D4}.Release|Any CPU.ActiveCfg = Release|Any CPU
		{A8876090-18E2-4962-B7A3-B0A191DE49D4}.Release|Any CPU.Build.0 = Release|Any CPU
		{A8876090-18E2-4962-B7A3-B0A191DE49D4}.Release|x64.ActiveCfg = Release|Any CPU
		{A8876090-18E2-4962-B7A3-B0A191DE49D4}.Release|x64.Build.0 = Release|Any CPU
		{A8876090-18E2-4962-B7A3-B0A191DE49D4}.Release|x86.ActiveCfg = Release|Any CPU
		{A8876090-18E2-4962-B7A3-B0A191DE49D4}.Release|x86.Build.0 = Release|Any CPU
		{678608FD-AB4E-422A-86E9-47066BD85D56}.Debug|Any CPU.ActiveCfg = Debug|Any CPU
		{678608FD-AB4E-422A-86E9-47066BD85D56}.Debug|Any CPU.Build.0 = Debug|Any CPU
		{678608FD-AB4E-422A-86E9-47066BD85D56}.Debug|x64.ActiveCfg = Debug|Any CPU
		{678608FD-AB4E-422A-86E9-47066BD85D56}.Debug|x64.Build.0 = Debug|Any CPU
		{678608FD-AB4E-422A-86E9-47066BD85D56}.Debug|x86.ActiveCfg = Debug|Any CPU
		{678608FD-AB4E-422A-86E9-47066BD85D56}.Debug|x86.Build.0 = Debug|Any CPU
		{678608FD-AB4E-422A-86E9-47066BD85D56}.Release|Any CPU.ActiveCfg = Release|Any CPU
		{678608FD-AB4E-422A-86E9-47066BD85D56}.Release|Any CPU.Build.0 = Release|Any CPU
		{678608FD-AB4E-422A-86E9-47066BD85D56}.Release|x64.ActiveCfg = Release|Any CPU
		{678608FD-AB4E-422A-86E9-47066BD85D56}.Release|x64.Build.0 = Release|Any CPU
		{678608FD-AB4E-422A-86E9-47066BD85D56}.Release|x86.ActiveCfg = Release|Any CPU
		{678608FD-AB4E-422A-86E9-47066BD85D56}.Release|x86.Build.0 = Release|Any CPU
		{AA92A836-78EA-429A-B75C-CEB22479ABC8}.Debug|Any CPU.ActiveCfg = Debug|Any CPU
		{AA92A836-78EA-429A-B75C-CEB22479ABC8}.Debug|Any CPU.Build.0 = Debug|Any CPU
		{AA92A836-78EA-429A-B75C-CEB22479ABC8}.Debug|x64.ActiveCfg = Debug|Any CPU
		{AA92A836-78EA-429A-B75C-CEB22479ABC8}.Debug|x64.Build.0 = Debug|Any CPU
		{AA92A836-78EA-429A-B75C-CEB22479ABC8}.Debug|x86.ActiveCfg = Debug|Any CPU
		{AA92A836-78EA-429A-B75C-CEB22479ABC8}.Debug|x86.Build.0 = Debug|Any CPU
		{AA92A836-78EA-429A-B75C-CEB22479ABC8}.Release|Any CPU.ActiveCfg = Release|Any CPU
		{AA92A836-78EA-429A-B75C-CEB22479ABC8}.Release|Any CPU.Build.0 = Release|Any CPU
		{AA92A836-78EA-429A-B75C-CEB22479ABC8}.Release|x64.ActiveCfg = Release|Any CPU
		{AA92A836-78EA-429A-B75C-CEB22479ABC8}.Release|x64.Build.0 = Release|Any CPU
		{AA92A836-78EA-429A-B75C-CEB22479ABC8}.Release|x86.ActiveCfg = Release|Any CPU
		{AA92A836-78EA-429A-B75C-CEB22479ABC8}.Release|x86.Build.0 = Release|Any CPU
		{D1E2F3A4-B5C6-7890-D1E2-F3A4B5C67890}.Debug|Any CPU.ActiveCfg = Debug|Any CPU
		{D1E2F3A4-B5C6-7890-D1E2-F3A4B5C67890}.Debug|Any CPU.Build.0 = Debug|Any CPU
		{D1E2F3A4-B5C6-7890-D1E2-F3A4B5C67890}.Debug|x64.ActiveCfg = Debug|Any CPU
		{D1E2F3A4-B5C6-7890-D1E2-F3A4B5C67890}.Debug|x64.Build.0 = Debug|Any CPU
		{D1E2F3A4-B5C6-7890-D1E2-F3A4B5C67890}.Debug|x86.ActiveCfg = Debug|Any CPU
		{D1E2F3A4-B5C6-7890-D1E2-F3A4B5C67890}.Debug|x86.Build.0 = Debug|Any CPU
		{D1E2F3A4-B5C6-7890-D1E2-F3A4B5C67890}.Release|Any CPU.ActiveCfg = Release|Any CPU
		{D1E2F3A4-B5C6-7890-D1E2-F3A4B5C67890}.Release|Any CPU.Build.0 = Release|Any CPU
		{D1E2F3A4-B5C6-7890-D1E2-F3A4B5C67890}.Release|x64.ActiveCfg = Release|Any CPU
		{D1E2F3A4-B5C6-7890-D1E2-F3A4B5C67890}.Release|x64.Build.0 = Release|Any CPU
		{D1E2F3A4-B5C6-7890-D1E2-F3A4B5C67890}.Release|x86.ActiveCfg = Release|Any CPU
		{D1E2F3A4-B5C6-7890-D1E2-F3A4B5C67890}.Release|x86.Build.0 = Release|Any CPU
		{E1F2A3B4-C5D6-7890-E1F2-A3B4C5D67890}.Debug|Any CPU.ActiveCfg = Debug|Any CPU
		{E1F2A3B4-C5D6-7890-E1F2-A3B4C5D67890}.Debug|Any CPU.Build.0 = Debug|Any CPU
		{E1F2A3B4-C5D6-7890-E1F2-A3B4C5D67890}.Debug|x64.ActiveCfg = Debug|Any CPU
		{E1F2A3B4-C5D6-7890-E1F2-A3B4C5D67890}.Debug|x64.Build.0 = Debug|Any CPU
		{E1F2A3B4-C5D6-7890-E1F2-A3B4C5D67890}.Debug|x86.ActiveCfg = Debug|Any CPU
		{E1F2A3B4-C5D6-7890-E1F2-A3B4C5D67890}.Debug|x86.Build.0 = Debug|Any CPU
		{E1F2A3B4-C5D6-7890-E1F2-A3B4C5D67890}.Release|Any CPU.ActiveCfg = Release|Any CPU
		{E1F2A3B4-C5D6-7890-E1F2-A3B4C5D67890}.Release|Any CPU.Build.0 = Release|Any CPU
		{E1F2A3B4-C5D6-7890-E1F2-A3B4C5D67890}.Release|x64.ActiveCfg = Release|Any CPU
		{E1F2A3B4-C5D6-7890-E1F2-A3B4C5D67890}.Release|x64.Build.0 = Release|Any CPU
		{E1F2A3B4-C5D6-7890-E1F2-A3B4C5D67890}.Release|x86.ActiveCfg = Release|Any CPU
		{E1F2A3B4-C5D6-7890-E1F2-A3B4C5D67890}.Release|x86.Build.0 = Release|Any CPU
		{F2A3B4C5-D6E7-8901-F2A3-B4C5D6E78901}.Debug|Any CPU.ActiveCfg = Debug|Any CPU
		{F2A3B4C5-D6E7-8901-F2A3-B4C5D6E78901}.Debug|Any CPU.Build.0 = Debug|Any CPU
		{F2A3B4C5-D6E7-8901-F2A3-B4C5D6E78901}.Debug|x64.ActiveCfg = Debug|Any CPU
		{F2A3B4C5-D6E7-8901-F2A3-B4C5D6E78901}.Debug|x64.Build.0 = Debug|Any CPU
		{F2A3B4C5-D6E7-8901-F2A3-B4C5D6E78901}.Debug|x86.ActiveCfg = Debug|Any CPU
		{F2A3B4C5-D6E7-8901-F2A3-B4C5D6E78901}.Debug|x86.Build.0 = Debug|Any CPU
		{F2A3B4C5-D6E7-8901-F2A3-B4C5D6E78901}.Release|Any CPU.ActiveCfg = Release|Any CPU
		{F2A3B4C5-D6E7-8901-F2A3-B4C5D6E78901}.Release|Any CPU.Build.0 = Release|Any CPU
		{F2A3B4C5-D6E7-8901-F2A3-B4C5D6E78901}.Release|x64.ActiveCfg = Release|Any CPU
		{F2A3B4C5-D6E7-8901-F2A3-B4C5D6E78901}.Release|x64.Build.0 = Release|Any CPU
		{F2A3B4C5-D6E7-8901-F2A3-B4C5D6E78901}.Release|x86.ActiveCfg = Release|Any CPU
		{F2A3B4C5-D6E7-8901-F2A3-B4C5D6E78901}.Release|x86.Build.0 = Release|Any CPU
		{A3B4C5D6-E7F8-9012-A3B4-C5D6E7F89012}.Debug|Any CPU.ActiveCfg = Debug|Any CPU
		{A3B4C5D6-E7F8-9012-A3B4-C5D6E7F89012}.Debug|Any CPU.Build.0 = Debug|Any CPU
		{A3B4C5D6-E7F8-9012-A3B4-C5D6E7F89012}.Debug|x64.ActiveCfg = Debug|Any CPU
		{A3B4C5D6-E7F8-9012-A3B4-C5D6E7F89012}.Debug|x64.Build.0 = Debug|Any CPU
		{A3B4C5D6-E7F8-9012-A3B4-C5D6E7F89012}.Debug|x86.ActiveCfg = Debug|Any CPU
		{A3B4C5D6-E7F8-9012-A3B4-C5D6E7F89012}.Debug|x86.Build.0 = Debug|Any CPU
		{A3B4C5D6-E7F8-9012-A3B4-C5D6E7F89012}.Release|Any CPU.ActiveCfg = Release|Any CPU
		{A3B4C5D6-E7F8-9012-A3B4-C5D6E7F89012}.Release|Any CPU.Build.0 = Release|Any CPU
		{A3B4C5D6-E7F8-9012-A3B4-C5D6E7F89012}.Release|x64.ActiveCfg = Release|Any CPU
		{A3B4C5D6-E7F8-9012-A3B4-C5D6E7F89012}.Release|x64.Build.0 = Release|Any CPU
		{A3B4C5D6-E7F8-9012-A3B4-C5D6E7F89012}.Release|x86.ActiveCfg = Release|Any CPU
		{A3B4C5D6-E7F8-9012-A3B4-C5D6E7F89012}.Release|x86.Build.0 = Release|Any CPU
		{C4D5E6F7-A8B9-0123-C4D5-E6F7A8B90123}.Debug|Any CPU.ActiveCfg = Debug|Any CPU
		{C4D5E6F7-A8B9-0123-C4D5-E6F7A8B90123}.Debug|Any CPU.Build.0 = Debug|Any CPU
		{C4D5E6F7-A8B9-0123-C4D5-E6F7A8B90123}.Debug|x64.ActiveCfg = Debug|Any CPU
		{C4D5E6F7-A8B9-0123-C4D5-E6F7A8B90123}.Debug|x64.Build.0 = Debug|Any CPU
		{C4D5E6F7-A8B9-0123-C4D5-E6F7A8B90123}.Debug|x86.ActiveCfg = Debug|Any CPU
		{C4D5E6F7-A8B9-0123-C4D5-E6F7A8B90123}.Debug|x86.Build.0 = Debug|Any CPU
		{C4D5E6F7-A8B9-0123-C4D5-E6F7A8B90123}.Release|Any CPU.ActiveCfg = Release|Any CPU
		{C4D5E6F7-A8B9-0123-C4D5-E6F7A8B90123}.Release|Any CPU.Build.0 = Release|Any CPU
		{C4D5E6F7-A8B9-0123-C4D5-E6F7A8B90123}.Release|x64.ActiveCfg = Release|Any CPU
		{C4D5E6F7-A8B9-0123-C4D5-E6F7A8B90123}.Release|x64.Build.0 = Release|Any CPU
		{C4D5E6F7-A8B9-0123-C4D5-E6F7A8B90123}.Release|x86.ActiveCfg = Release|Any CPU
		{C4D5E6F7-A8B9-0123-C4D5-E6F7A8B90123}.Release|x86.Build.0 = Release|Any CPU
		{F7902D85-CE6A-42E1-A9B0-19D4E5F2B6EA}.Debug|Any CPU.ActiveCfg = Debug|Any CPU
		{F7902D85-CE6A-42E1-A9B0-19D4E5F2B6EA}.Debug|Any CPU.Build.0 = Debug|Any CPU
		{F7902D85-CE6A-42E1-A9B0-19D4E5F2B6EA}.Debug|x64.ActiveCfg = Debug|Any CPU
		{F7902D85-CE6A-42E1-A9B0-19D4E5F2B6EA}.Debug|x64.Build.0 = Debug|Any CPU
		{F7902D85-CE6A-42E1-A9B0-19D4E5F2B6EA}.Debug|x86.ActiveCfg = Debug|Any CPU
		{F7902D85-CE6A-42E1-A9B0-19D4E5F2B6EA}.Debug|x86.Build.0 = Debug|Any CPU
		{F7902D85-CE6A-42E1-A9B0-19D4E5F2B6EA}.Release|Any CPU.ActiveCfg = Release|Any CPU
		{F7902D85-CE6A-42E1-A9B0-19D4E5F2B6EA}.Release|Any CPU.Build.0 = Release|Any CPU
		{F7902D85-CE6A-42E1-A9B0-19D4E5F2B6EA}.Release|x64.ActiveCfg = Release|Any CPU
		{F7902D85-CE6A-42E1-A9B0-19D4E5F2B6EA}.Release|x64.Build.0 = Release|Any CPU
		{F7902D85-CE6A-42E1-A9B0-19D4E5F2B6EA}.Release|x86.ActiveCfg = Release|Any CPU
		{F7902D85-CE6A-42E1-A9B0-19D4E5F2B6EA}.Release|x86.Build.0 = Release|Any CPU
		{E6B32897-1296-4CB8-8136-A519C2E88E03}.Debug|Any CPU.ActiveCfg = Debug|Any CPU
		{E6B32897-1296-4CB8-8136-A519C2E88E03}.Debug|Any CPU.Build.0 = Debug|Any CPU
		{E6B32897-1296-4CB8-8136-A519C2E88E03}.Debug|x64.ActiveCfg = Debug|Any CPU
		{E6B32897-1296-4CB8-8136-A519C2E88E03}.Debug|x64.Build.0 = Debug|Any CPU
		{E6B32897-1296-4CB8-8136-A519C2E88E03}.Debug|x86.ActiveCfg = Debug|Any CPU
		{E6B32897-1296-4CB8-8136-A519C2E88E03}.Debug|x86.Build.0 = Debug|Any CPU
		{E6B32897-1296-4CB8-8136-A519C2E88E03}.Release|Any CPU.ActiveCfg = Release|Any CPU
		{E6B32897-1296-4CB8-8136-A519C2E88E03}.Release|Any CPU.Build.0 = Release|Any CPU
		{E6B32897-1296-4CB8-8136-A519C2E88E03}.Release|x64.ActiveCfg = Release|Any CPU
		{E6B32897-1296-4CB8-8136-A519C2E88E03}.Release|x64.Build.0 = Release|Any CPU
		{E6B32897-1296-4CB8-8136-A519C2E88E03}.Release|x86.ActiveCfg = Release|Any CPU
		{E6B32897-1296-4CB8-8136-A519C2E88E03}.Release|x86.Build.0 = Release|Any CPU
		{D5E6F7A8-B9C0-1234-D5E6-F7A8B9C01234}.Debug|Any CPU.ActiveCfg = Debug|Any CPU
		{D5E6F7A8-B9C0-1234-D5E6-F7A8B9C01234}.Debug|Any CPU.Build.0 = Debug|Any CPU
		{D5E6F7A8-B9C0-1234-D5E6-F7A8B9C01234}.Debug|x64.ActiveCfg = Debug|Any CPU
		{D5E6F7A8-B9C0-1234-D5E6-F7A8B9C01234}.Debug|x64.Build.0 = Debug|Any CPU
		{D5E6F7A8-B9C0-1234-D5E6-F7A8B9C01234}.Debug|x86.ActiveCfg = Debug|Any CPU
		{D5E6F7A8-B9C0-1234-D5E6-F7A8B9C01234}.Debug|x86.Build.0 = Debug|Any CPU
		{D5E6F7A8-B9C0-1234-D5E6-F7A8B9C01234}.Release|Any CPU.ActiveCfg = Release|Any CPU
		{D5E6F7A8-B9C0-1234-D5E6-F7A8B9C01234}.Release|Any CPU.Build.0 = Release|Any CPU
		{D5E6F7A8-B9C0-1234-D5E6-F7A8B9C01234}.Release|x64.ActiveCfg = Release|Any CPU
		{D5E6F7A8-B9C0-1234-D5E6-F7A8B9C01234}.Release|x64.Build.0 = Release|Any CPU
		{D5E6F7A8-B9C0-1234-D5E6-F7A8B9C01234}.Release|x86.ActiveCfg = Release|Any CPU
		{D5E6F7A8-B9C0-1234-D5E6-F7A8B9C01234}.Release|x86.Build.0 = Release|Any CPU
		{B6C7D8E9-F0A1-2345-B6C7-D8E9F0A12345}.Debug|Any CPU.ActiveCfg = Debug|Any CPU
		{B6C7D8E9-F0A1-2345-B6C7-D8E9F0A12345}.Debug|Any CPU.Build.0 = Debug|Any CPU
		{B6C7D8E9-F0A1-2345-B6C7-D8E9F0A12345}.Debug|x64.ActiveCfg = Debug|Any CPU
		{B6C7D8E9-F0A1-2345-B6C7-D8E9F0A12345}.Debug|x64.Build.0 = Debug|Any CPU
		{B6C7D8E9-F0A1-2345-B6C7-D8E9F0A12345}.Debug|x86.ActiveCfg = Debug|Any CPU
		{B6C7D8E9-F0A1-2345-B6C7-D8E9F0A12345}.Debug|x86.Build.0 = Debug|Any CPU
		{B6C7D8E9-F0A1-2345-B6C7-D8E9F0A12345}.Release|Any CPU.ActiveCfg = Release|Any CPU
		{B6C7D8E9-F0A1-2345-B6C7-D8E9F0A12345}.Release|Any CPU.Build.0 = Release|Any CPU
		{B6C7D8E9-F0A1-2345-B6C7-D8E9F0A12345}.Release|x64.ActiveCfg = Release|Any CPU
		{B6C7D8E9-F0A1-2345-B6C7-D8E9F0A12345}.Release|x64.Build.0 = Release|Any CPU
		{B6C7D8E9-F0A1-2345-B6C7-D8E9F0A12345}.Release|x86.ActiveCfg = Release|Any CPU
		{B6C7D8E9-F0A1-2345-B6C7-D8E9F0A12345}.Release|x86.Build.0 = Release|Any CPU
		{C7D8E9F0-A1B2-3456-C7D8-E9F0A1B23456}.Debug|Any CPU.ActiveCfg = Debug|Any CPU
		{C7D8E9F0-A1B2-3456-C7D8-E9F0A1B23456}.Debug|Any CPU.Build.0 = Debug|Any CPU
		{C7D8E9F0-A1B2-3456-C7D8-E9F0A1B23456}.Debug|x64.ActiveCfg = Debug|Any CPU
		{C7D8E9F0-A1B2-3456-C7D8-E9F0A1B23456}.Debug|x64.Build.0 = Debug|Any CPU
		{C7D8E9F0-A1B2-3456-C7D8-E9F0A1B23456}.Debug|x86.ActiveCfg = Debug|Any CPU
		{C7D8E9F0-A1B2-3456-C7D8-E9F0A1B23456}.Debug|x86.Build.0 = Debug|Any CPU
		{C7D8E9F0-A1B2-3456-C7D8-E9F0A1B23456}.Release|Any CPU.ActiveCfg = Release|Any CPU
		{C7D8E9F0-A1B2-3456-C7D8-E9F0A1B23456}.Release|Any CPU.Build.0 = Release|Any CPU
		{C7D8E9F0-A1B2-3456-C7D8-E9F0A1B23456}.Release|x64.ActiveCfg = Release|Any CPU
		{C7D8E9F0-A1B2-3456-C7D8-E9F0A1B23456}.Release|x64.Build.0 = Release|Any CPU
		{C7D8E9F0-A1B2-3456-C7D8-E9F0A1B23456}.Release|x86.ActiveCfg = Release|Any CPU
		{C7D8E9F0-A1B2-3456-C7D8-E9F0A1B23456}.Release|x86.Build.0 = Release|Any CPU
		{D42ACABA-B66A-46B9-B2B8-31E868A23B4C}.Debug|Any CPU.ActiveCfg = Debug|Any CPU
		{D42ACABA-B66A-46B9-B2B8-31E868A23B4C}.Debug|Any CPU.Build.0 = Debug|Any CPU
		{D42ACABA-B66A-46B9-B2B8-31E868A23B4C}.Debug|x64.ActiveCfg = Debug|Any CPU
		{D42ACABA-B66A-46B9-B2B8-31E868A23B4C}.Debug|x64.Build.0 = Debug|Any CPU
		{D42ACABA-B66A-46B9-B2B8-31E868A23B4C}.Debug|x86.ActiveCfg = Debug|Any CPU
		{D42ACABA-B66A-46B9-B2B8-31E868A23B4C}.Debug|x86.Build.0 = Debug|Any CPU
		{D42ACABA-B66A-46B9-B2B8-31E868A23B4C}.Release|Any CPU.ActiveCfg = Release|Any CPU
		{D42ACABA-B66A-46B9-B2B8-31E868A23B4C}.Release|Any CPU.Build.0 = Release|Any CPU
		{D42ACABA-B66A-46B9-B2B8-31E868A23B4C}.Release|x64.ActiveCfg = Release|Any CPU
		{D42ACABA-B66A-46B9-B2B8-31E868A23B4C}.Release|x64.Build.0 = Release|Any CPU
		{D42ACABA-B66A-46B9-B2B8-31E868A23B4C}.Release|x86.ActiveCfg = Release|Any CPU
		{D42ACABA-B66A-46B9-B2B8-31E868A23B4C}.Release|x86.Build.0 = Release|Any CPU
		{7DEC494F-ED3B-44E2-86A4-41C6D403B72A}.Debug|Any CPU.ActiveCfg = Debug|Any CPU
		{7DEC494F-ED3B-44E2-86A4-41C6D403B72A}.Debug|Any CPU.Build.0 = Debug|Any CPU
		{7DEC494F-ED3B-44E2-86A4-41C6D403B72A}.Debug|x64.ActiveCfg = Debug|Any CPU
		{7DEC494F-ED3B-44E2-86A4-41C6D403B72A}.Debug|x64.Build.0 = Debug|Any CPU
		{7DEC494F-ED3B-44E2-86A4-41C6D403B72A}.Debug|x86.ActiveCfg = Debug|Any CPU
		{7DEC494F-ED3B-44E2-86A4-41C6D403B72A}.Debug|x86.Build.0 = Debug|Any CPU
		{7DEC494F-ED3B-44E2-86A4-41C6D403B72A}.Release|Any CPU.ActiveCfg = Release|Any CPU
		{7DEC494F-ED3B-44E2-86A4-41C6D403B72A}.Release|Any CPU.Build.0 = Release|Any CPU
		{7DEC494F-ED3B-44E2-86A4-41C6D403B72A}.Release|x64.ActiveCfg = Release|Any CPU
		{7DEC494F-ED3B-44E2-86A4-41C6D403B72A}.Release|x64.Build.0 = Release|Any CPU
		{7DEC494F-ED3B-44E2-86A4-41C6D403B72A}.Release|x86.ActiveCfg = Release|Any CPU
		{7DEC494F-ED3B-44E2-86A4-41C6D403B72A}.Release|x86.Build.0 = Release|Any CPU
		{5B8B2339-9791-48FC-89F7-4E65A0E103DF}.Debug|Any CPU.ActiveCfg = Debug|x64
		{5B8B2339-9791-48FC-89F7-4E65A0E103DF}.Debug|Any CPU.Build.0 = Debug|x64
		{5B8B2339-9791-48FC-89F7-4E65A0E103DF}.Debug|x64.ActiveCfg = Debug|x64
		{5B8B2339-9791-48FC-89F7-4E65A0E103DF}.Debug|x64.Build.0 = Debug|x64
		{5B8B2339-9791-48FC-89F7-4E65A0E103DF}.Debug|x86.ActiveCfg = Debug|x64
		{5B8B2339-9791-48FC-89F7-4E65A0E103DF}.Debug|x86.Build.0 = Debug|x64
		{5B8B2339-9791-48FC-89F7-4E65A0E103DF}.Release|Any CPU.ActiveCfg = Release|x64
		{5B8B2339-9791-48FC-89F7-4E65A0E103DF}.Release|Any CPU.Build.0 = Release|x64
		{5B8B2339-9791-48FC-89F7-4E65A0E103DF}.Release|x64.ActiveCfg = Release|x64
		{5B8B2339-9791-48FC-89F7-4E65A0E103DF}.Release|x64.Build.0 = Release|x64
		{5B8B2339-9791-48FC-89F7-4E65A0E103DF}.Release|x86.ActiveCfg = Release|x64
		{5B8B2339-9791-48FC-89F7-4E65A0E103DF}.Release|x86.Build.0 = Release|x64
		{E1742B63-A84C-495E-929E-6B61A8397D84}.Debug|Any CPU.ActiveCfg = Debug|Any CPU
		{E1742B63-A84C-495E-929E-6B61A8397D84}.Debug|Any CPU.Build.0 = Debug|Any CPU
		{E1742B63-A84C-495E-929E-6B61A8397D84}.Debug|x64.ActiveCfg = Debug|Any CPU
		{E1742B63-A84C-495E-929E-6B61A8397D84}.Debug|x64.Build.0 = Debug|Any CPU
		{E1742B63-A84C-495E-929E-6B61A8397D84}.Debug|x86.ActiveCfg = Debug|Any CPU
		{E1742B63-A84C-495E-929E-6B61A8397D84}.Debug|x86.Build.0 = Debug|Any CPU
		{E1742B63-A84C-495E-929E-6B61A8397D84}.Release|Any CPU.ActiveCfg = Release|Any CPU
		{E1742B63-A84C-495E-929E-6B61A8397D84}.Release|Any CPU.Build.0 = Release|Any CPU
		{E1742B63-A84C-495E-929E-6B61A8397D84}.Release|x64.ActiveCfg = Release|Any CPU
		{E1742B63-A84C-495E-929E-6B61A8397D84}.Release|x64.Build.0 = Release|Any CPU
		{E1742B63-A84C-495E-929E-6B61A8397D84}.Release|x86.ActiveCfg = Release|Any CPU
		{E1742B63-A84C-495E-929E-6B61A8397D84}.Release|x86.Build.0 = Release|Any CPU
		{DBE42D91-03E7-41C9-A87A-888700DF762D}.Debug|Any CPU.ActiveCfg = Debug|Any CPU
		{DBE42D91-03E7-41C9-A87A-888700DF762D}.Debug|Any CPU.Build.0 = Debug|Any CPU
		{DBE42D91-03E7-41C9-A87A-888700DF762D}.Debug|x64.ActiveCfg = Debug|Any CPU
		{DBE42D91-03E7-41C9-A87A-888700DF762D}.Debug|x64.Build.0 = Debug|Any CPU
		{DBE42D91-03E7-41C9-A87A-888700DF762D}.Debug|x86.ActiveCfg = Debug|Any CPU
		{DBE42D91-03E7-41C9-A87A-888700DF762D}.Debug|x86.Build.0 = Debug|Any CPU
		{DBE42D91-03E7-41C9-A87A-888700DF762D}.Release|Any CPU.ActiveCfg = Release|Any CPU
		{DBE42D91-03E7-41C9-A87A-888700DF762D}.Release|Any CPU.Build.0 = Release|Any CPU
		{DBE42D91-03E7-41C9-A87A-888700DF762D}.Release|x64.ActiveCfg = Release|Any CPU
		{DBE42D91-03E7-41C9-A87A-888700DF762D}.Release|x64.Build.0 = Release|Any CPU
		{DBE42D91-03E7-41C9-A87A-888700DF762D}.Release|x86.ActiveCfg = Release|Any CPU
		{DBE42D91-03E7-41C9-A87A-888700DF762D}.Release|x86.Build.0 = Release|Any CPU
		{67C2D0C9-5C2C-4362-96A4-898F1AC5BEA2}.Debug|Any CPU.ActiveCfg = Debug|Any CPU
		{67C2D0C9-5C2C-4362-96A4-898F1AC5BEA2}.Debug|Any CPU.Build.0 = Debug|Any CPU
		{67C2D0C9-5C2C-4362-96A4-898F1AC5BEA2}.Debug|x64.ActiveCfg = Debug|Any CPU
		{67C2D0C9-5C2C-4362-96A4-898F1AC5BEA2}.Debug|x64.Build.0 = Debug|Any CPU
		{67C2D0C9-5C2C-4362-96A4-898F1AC5BEA2}.Debug|x86.ActiveCfg = Debug|Any CPU
		{67C2D0C9-5C2C-4362-96A4-898F1AC5BEA2}.Debug|x86.Build.0 = Debug|Any CPU
		{67C2D0C9-5C2C-4362-96A4-898F1AC5BEA2}.Release|Any CPU.ActiveCfg = Release|Any CPU
		{67C2D0C9-5C2C-4362-96A4-898F1AC5BEA2}.Release|Any CPU.Build.0 = Release|Any CPU
		{67C2D0C9-5C2C-4362-96A4-898F1AC5BEA2}.Release|x64.ActiveCfg = Release|Any CPU
		{67C2D0C9-5C2C-4362-96A4-898F1AC5BEA2}.Release|x64.Build.0 = Release|Any CPU
		{67C2D0C9-5C2C-4362-96A4-898F1AC5BEA2}.Release|x86.ActiveCfg = Release|Any CPU
		{67C2D0C9-5C2C-4362-96A4-898F1AC5BEA2}.Release|x86.Build.0 = Release|Any CPU
		{F096F953-1D35-4D00-B963-E2FDDF707109}.Debug|Any CPU.ActiveCfg = Debug|Any CPU
		{F096F953-1D35-4D00-B963-E2FDDF707109}.Debug|Any CPU.Build.0 = Debug|Any CPU
		{F096F953-1D35-4D00-B963-E2FDDF707109}.Debug|x64.ActiveCfg = Debug|Any CPU
		{F096F953-1D35-4D00-B963-E2FDDF707109}.Debug|x64.Build.0 = Debug|Any CPU
		{F096F953-1D35-4D00-B963-E2FDDF707109}.Debug|x86.ActiveCfg = Debug|Any CPU
		{F096F953-1D35-4D00-B963-E2FDDF707109}.Debug|x86.Build.0 = Debug|Any CPU
		{F096F953-1D35-4D00-B963-E2FDDF707109}.Release|Any CPU.ActiveCfg = Release|Any CPU
		{F096F953-1D35-4D00-B963-E2FDDF707109}.Release|Any CPU.Build.0 = Release|Any CPU
		{F096F953-1D35-4D00-B963-E2FDDF707109}.Release|x64.ActiveCfg = Release|Any CPU
		{F096F953-1D35-4D00-B963-E2FDDF707109}.Release|x64.Build.0 = Release|Any CPU
		{F096F953-1D35-4D00-B963-E2FDDF707109}.Release|x86.ActiveCfg = Release|Any CPU
		{F096F953-1D35-4D00-B963-E2FDDF707109}.Release|x86.Build.0 = Release|Any CPU
		{ADAD87DD-FD3C-48AF-A681-9C96D3096CF6}.Debug|Any CPU.ActiveCfg = Debug|Any CPU
		{ADAD87DD-FD3C-48AF-A681-9C96D3096CF6}.Debug|Any CPU.Build.0 = Debug|Any CPU
		{ADAD87DD-FD3C-48AF-A681-9C96D3096CF6}.Debug|x64.ActiveCfg = Debug|Any CPU
		{ADAD87DD-FD3C-48AF-A681-9C96D3096CF6}.Debug|x64.Build.0 = Debug|Any CPU
		{ADAD87DD-FD3C-48AF-A681-9C96D3096CF6}.Debug|x86.ActiveCfg = Debug|Any CPU
		{ADAD87DD-FD3C-48AF-A681-9C96D3096CF6}.Debug|x86.Build.0 = Debug|Any CPU
		{ADAD87DD-FD3C-48AF-A681-9C96D3096CF6}.Release|Any CPU.ActiveCfg = Release|Any CPU
		{ADAD87DD-FD3C-48AF-A681-9C96D3096CF6}.Release|Any CPU.Build.0 = Release|Any CPU
		{ADAD87DD-FD3C-48AF-A681-9C96D3096CF6}.Release|x64.ActiveCfg = Release|Any CPU
		{ADAD87DD-FD3C-48AF-A681-9C96D3096CF6}.Release|x64.Build.0 = Release|Any CPU
		{ADAD87DD-FD3C-48AF-A681-9C96D3096CF6}.Release|x86.ActiveCfg = Release|Any CPU
		{ADAD87DD-FD3C-48AF-A681-9C96D3096CF6}.Release|x86.Build.0 = Release|Any CPU
		{84C3C5C5-7F93-4B25-BCF2-84F3411088B7}.Debug|Any CPU.ActiveCfg = Debug|Any CPU
		{84C3C5C5-7F93-4B25-BCF2-84F3411088B7}.Debug|Any CPU.Build.0 = Debug|Any CPU
		{84C3C5C5-7F93-4B25-BCF2-84F3411088B7}.Debug|x64.ActiveCfg = Debug|Any CPU
		{84C3C5C5-7F93-4B25-BCF2-84F3411088B7}.Debug|x64.Build.0 = Debug|Any CPU
		{84C3C5C5-7F93-4B25-BCF2-84F3411088B7}.Debug|x86.ActiveCfg = Debug|Any CPU
		{84C3C5C5-7F93-4B25-BCF2-84F3411088B7}.Debug|x86.Build.0 = Debug|Any CPU
		{84C3C5C5-7F93-4B25-BCF2-84F3411088B7}.Release|Any CPU.ActiveCfg = Release|Any CPU
		{84C3C5C5-7F93-4B25-BCF2-84F3411088B7}.Release|Any CPU.Build.0 = Release|Any CPU
		{84C3C5C5-7F93-4B25-BCF2-84F3411088B7}.Release|x64.ActiveCfg = Release|Any CPU
		{84C3C5C5-7F93-4B25-BCF2-84F3411088B7}.Release|x64.Build.0 = Release|Any CPU
		{84C3C5C5-7F93-4B25-BCF2-84F3411088B7}.Release|x86.ActiveCfg = Release|Any CPU
		{84C3C5C5-7F93-4B25-BCF2-84F3411088B7}.Release|x86.Build.0 = Release|Any CPU
		{4734E233-B9B0-4EB3-AF1E-0EB2B5292A58}.Debug|Any CPU.ActiveCfg = Debug|x64
		{4734E233-B9B0-4EB3-AF1E-0EB2B5292A58}.Debug|Any CPU.Build.0 = Debug|x64
		{4734E233-B9B0-4EB3-AF1E-0EB2B5292A58}.Debug|x64.ActiveCfg = Debug|x64
		{4734E233-B9B0-4EB3-AF1E-0EB2B5292A58}.Debug|x64.Build.0 = Debug|x64
		{4734E233-B9B0-4EB3-AF1E-0EB2B5292A58}.Debug|x86.ActiveCfg = Debug|x64
		{4734E233-B9B0-4EB3-AF1E-0EB2B5292A58}.Debug|x86.Build.0 = Debug|x64
		{4734E233-B9B0-4EB3-AF1E-0EB2B5292A58}.Release|Any CPU.ActiveCfg = Release|x64
		{4734E233-B9B0-4EB3-AF1E-0EB2B5292A58}.Release|Any CPU.Build.0 = Release|x64
		{4734E233-B9B0-4EB3-AF1E-0EB2B5292A58}.Release|x64.ActiveCfg = Release|x64
		{4734E233-B9B0-4EB3-AF1E-0EB2B5292A58}.Release|x64.Build.0 = Release|x64
		{4734E233-B9B0-4EB3-AF1E-0EB2B5292A58}.Release|x86.ActiveCfg = Release|x64
		{4734E233-B9B0-4EB3-AF1E-0EB2B5292A58}.Release|x86.Build.0 = Release|x64
	EndGlobalSection
	GlobalSection(SolutionProperties) = preSolution
		HideSolutionNode = FALSE
	EndGlobalSection
	GlobalSection(NestedProjects) = preSolution
		{3BECF88A-8440-4B81-9763-F3A380007248} = {AB2BBC7D-BD1A-4F69-AE7D-1F990D21DC05}
		{A8876090-18E2-4962-B7A3-B0A191DE49D4} = {AB2BBC7D-BD1A-4F69-AE7D-1F990D21DC05}
		{678608FD-AB4E-422A-86E9-47066BD85D56} = {0AB3BF05-4346-4AA6-1389-037BE0695223}
		{AA92A836-78EA-429A-B75C-CEB22479ABC8} = {0AB3BF05-4346-4AA6-1389-037BE0695223}
		{D1E2F3A4-B5C6-7890-D1E2-F3A4B5C67890} = {0AB3BF05-4346-4AA6-1389-037BE0695223}
		{E1F2A3B4-C5D6-7890-E1F2-A3B4C5D67890} = {AB2BBC7D-BD1A-4F69-AE7D-1F990D21DC05}
		{F2A3B4C5-D6E7-8901-F2A3-B4C5D6E78901} = {AB2BBC7D-BD1A-4F69-AE7D-1F990D21DC05}
		{A3B4C5D6-E7F8-9012-A3B4-C5D6E7F89012} = {0AB3BF05-4346-4AA6-1389-037BE0695223}
		{C4D5E6F7-A8B9-0123-C4D5-E6F7A8B90123} = {AB2BBC7D-BD1A-4F69-AE7D-1F990D21DC05}
		{F7902D85-CE6A-42E1-A9B0-19D4E5F2B6EA} = {AB2BBC7D-BD1A-4F69-AE7D-1F990D21DC05}
		{E6B32897-1296-4CB8-8136-A519C2E88E03} = {AB2BBC7D-BD1A-4F69-AE7D-1F990D21DC05}
		{D5E6F7A8-B9C0-1234-D5E6-F7A8B9C01234} = {0AB3BF05-4346-4AA6-1389-037BE0695223}
		{B6C7D8E9-F0A1-2345-B6C7-D8E9F0A12345} = {AB2BBC7D-BD1A-4F69-AE7D-1F990D21DC05}
		{C7D8E9F0-A1B2-3456-C7D8-E9F0A1B23456} = {0AB3BF05-4346-4AA6-1389-037BE0695223}
		{2D1C37E2-E772-426A-A1A6-4884D263F6F4} = {0DDC767C-8A47-4C6E-876C-D5C353A97E5B}
		{949D86CB-E41E-47FD-80EF-8E523AEE7E62} = {2D1C37E2-E772-426A-A1A6-4884D263F6F4}
		{D42ACABA-B66A-46B9-B2B8-31E868A23B4C} = {949D86CB-E41E-47FD-80EF-8E523AEE7E62}
		{D56F6157-0824-475C-B217-9CAE031B625E} = {2D1C37E2-E772-426A-A1A6-4884D263F6F4}
		{7DEC494F-ED3B-44E2-86A4-41C6D403B72A} = {D56F6157-0824-475C-B217-9CAE031B625E}
		{5B8B2339-9791-48FC-89F7-4E65A0E103DF} = {AB2BBC7D-BD1A-4F69-AE7D-1F990D21DC05}
		{E1742B63-A84C-495E-929E-6B61A8397D84} = {AB2BBC7D-BD1A-4F69-AE7D-1F990D21DC05}
		{4734E233-B9B0-4EB3-AF1E-0EB2B5292A58} = {AB2BBC7D-BD1A-4F69-AE7D-1F990D21DC05}
	EndGlobalSection
EndGlobal
