
Microsoft Visual Studio Solution File, Format Version 12.00
# Visual Studio Version 17
VisualStudioVersion = 17.0.31903.59
MinimumVisualStudioVersion = 10.0.40219.1
Project("{FAE04EC0-301F-11D3-BF4B-00C04F79EFBC}") = "Easydict.SidecarClient", "src\Easydict.SidecarClient\Easydict.SidecarClient.csproj", "{A1B2C3D4-E5F6-7890-ABCD-EF1234567890}"
EndProject
Project("{FAE04EC0-301F-11D3-BF4B-00C04F79EFBC}") = "E2E.SidecarClient", "e2e\E2E.SidecarClient.csproj", "{B2C3D4E5-F6A7-8901-BCDE-F12345678901}"
EndProject
Project("{2150E333-8FDC-42A3-9474-1A3956D46DE8}") = "src", "src", "{AB2BBC7D-BD1A-4F69-AE7D-1F990D21DC05}"
EndProject
Project("{FAE04EC0-301F-11D3-BF4B-00C04F79EFBC}") = "Easydict.WinUI", "src\Easydict.WinUI\Easydict.WinUI.csproj", "{3BECF88A-8440-4B81-9763-F3A380007248}"
EndProject
Project("{FAE04EC0-301F-11D3-BF4B-00C04F79EFBC}") = "Easydict.TranslationService", "src\Easydict.TranslationService\Easydict.TranslationService.csproj", "{A8876090-18E2-4962-B7A3-B0A191DE49D4}"
EndProject
Project("{2150E333-8FDC-42A3-9474-1A3956D46DE8}") = "tests", "tests", "{0AB3BF05-4346-4AA6-1389-037BE0695223}"
EndProject
Project("{FAE04EC0-301F-11D3-BF4B-00C04F79EFBC}") = "Easydict.TranslationService.Tests", "tests\Easydict.TranslationService.Tests\Easydict.TranslationService.Tests.csproj", "{678608FD-AB4E-422A-86E9-47066BD85D56}"
EndProject
Project("{FAE04EC0-301F-11D3-BF4B-00C04F79EFBC}") = "Easydict.WinUI.Tests", "tests\Easydict.WinUI.Tests\Easydict.WinUI.Tests.csproj", "{AA92A836-78EA-429A-B75C-CEB22479ABC8}"
EndProject
Global
	GlobalSection(SolutionConfigurationPlatforms) = preSolution
		Debug|Any CPU = Debug|Any CPU
		Debug|x64 = Debug|x64
		Debug|x86 = Debug|x86
		Release|Any CPU = Release|Any CPU
		Release|x64 = Release|x64
		Release|x86 = Release|x86
	EndGlobalSection
	GlobalSection(ProjectConfigurationPlatforms) = postSolution
		{A1B2C3D4-E5F6-7890-ABCD-EF1234567890}.Debug|Any CPU.ActiveCfg = Debug|Any CPU
		{A1B2C3D4-E5F6-7890-ABCD-EF1234567890}.Debug|Any CPU.Build.0 = Debug|Any CPU
		{A1B2C3D4-E5F6-7890-ABCD-EF1234567890}.Debug|x64.ActiveCfg = Debug|Any CPU
		{A1B2C3D4-E5F6-7890-ABCD-EF1234567890}.Debug|x64.Build.0 = Debug|Any CPU
		{A1B2C3D4-E5F6-7890-ABCD-EF1234567890}.Debug|x86.ActiveCfg = Debug|Any CPU
		{A1B2C3D4-E5F6-7890-ABCD-EF1234567890}.Debug|x86.Build.0 = Debug|Any CPU
		{A1B2C3D4-E5F6-7890-ABCD-EF1234567890}.Release|Any CPU.ActiveCfg = Release|Any CPU
		{A1B2C3D4-E5F6-7890-ABCD-EF1234567890}.Release|Any CPU.Build.0 = Release|Any CPU
		{A1B2C3D4-E5F6-7890-ABCD-EF1234567890}.Release|x64.ActiveCfg = Release|Any CPU
		{A1B2C3D4-E5F6-7890-ABCD-EF1234567890}.Release|x64.Build.0 = Release|Any CPU
		{A1B2C3D4-E5F6-7890-ABCD-EF1234567890}.Release|x86.ActiveCfg = Release|Any CPU
		{A1B2C3D4-E5F6-7890-ABCD-EF1234567890}.Release|x86.Build.0 = Release|Any CPU
		{B2C3D4E5-F6A7-8901-BCDE-F12345678901}.Debug|Any CPU.ActiveCfg = Debug|Any CPU
		{B2C3D4E5-F6A7-8901-BCDE-F12345678901}.Debug|Any CPU.Build.0 = Debug|Any CPU
		{B2C3D4E5-F6A7-8901-BCDE-F12345678901}.Debug|x64.ActiveCfg = Debug|Any CPU
		{B2C3D4E5-F6A7-8901-BCDE-F12345678901}.Debug|x64.Build.0 = Debug|Any CPU
		{B2C3D4E5-F6A7-8901-BCDE-F12345678901}.Debug|x86.ActiveCfg = Debug|Any CPU
		{B2C3D4E5-F6A7-8901-BCDE-F12345678901}.Debug|x86.Build.0 = Debug|Any CPU
		{B2C3D4E5-F6A7-8901-BCDE-F12345678901}.Release|Any CPU.ActiveCfg = Release|Any CPU
		{B2C3D4E5-F6A7-8901-BCDE-F12345678901}.Release|Any CPU.Build.0 = Release|Any CPU
		{B2C3D4E5-F6A7-8901-BCDE-F12345678901}.Release|x64.ActiveCfg = Release|Any CPU
		{B2C3D4E5-F6A7-8901-BCDE-F12345678901}.Release|x64.Build.0 = Release|Any CPU
		{B2C3D4E5-F6A7-8901-BCDE-F12345678901}.Release|x86.ActiveCfg = Release|Any CPU
		{B2C3D4E5-F6A7-8901-BCDE-F12345678901}.Release|x86.Build.0 = Release|Any CPU
		{3BECF88A-8440-4B81-9763-F3A380007248}.Debug|Any CPU.ActiveCfg = Debug|x86
		{3BECF88A-8440-4B81-9763-F3A380007248}.Debug|Any CPU.Build.0 = Debug|x86
		{3BECF88A-8440-4B81-9763-F3A380007248}.Debug|x64.ActiveCfg = Debug|Any CPU
		{3BECF88A-8440-4B81-9763-F3A380007248}.Debug|x64.Build.0 = Debug|Any CPU
		{3BECF88A-8440-4B81-9763-F3A380007248}.Debug|x86.ActiveCfg = Debug|Any CPU
		{3BECF88A-8440-4B81-9763-F3A380007248}.Debug|x86.Build.0 = Debug|Any CPU
		{3BECF88A-8440-4B81-9763-F3A380007248}.Release|Any CPU.ActiveCfg = Release|x86
		{3BECF88A-8440-4B81-9763-F3A380007248}.Release|Any CPU.Build.0 = Release|x86
		{3BECF88A-8440-4B81-9763-F3A380007248}.Release|x64.ActiveCfg = Release|Any CPU
		{3BECF88A-8440-4B81-9763-F3A380007248}.Release|x64.Build.0 = Release|Any CPU
		{3BECF88A-8440-4B81-9763-F3A380007248}.Release|x86.ActiveCfg = Release|Any CPU
		{3BECF88A-8440-4B81-9763-F3A380007248}.Release|x86.Build.0 = Release|Any CPU
		{A8876090-18E2-4962-B7A3-B0A191DE49D4}.Debug|Any CPU.ActiveCfg = Debug|Any CPU
		{A8876090-18E2-4962-B7A3-B0A191DE49D4}.Debug|Any CPU.Build.0 = Debug|Any CPU
		{A8876090-18E2-4962-B7A3-B0A191DE49D4}.Debug|x64.ActiveCfg = Debug|Any CPU
		{A8876090-18E2-4962-B7A3-B0A191DE49D4}.Debug|x64.Build.0 = Debug|Any CPU
		{A8876090-18E2-4962-B7A3-B0A191DE49D4}.Debug|x86.ActiveCfg = Debug|Any CPU
		{A8876090-18E2-4962-B7A3-B0A191DE49D4}.Debug|x86.Build.0 = Debug|Any CPU
		{A8876090-18E2-4962-B7A3-B0A191DE49D4}.Release|Any CPU.ActiveCfg = Release|Any CPU
		{A8876090-18E2-4962-B7A3-B0A191DE49D4}.Release|Any CPU.Build.0 = Release|Any CPU
		{A8876090-18E2-4962-B7A3-B0A191DE49D4}.Release|x64.ActiveCfg = Release|Any CPU
		{A8876090-18E2-4962-B7A3-B0A191DE49D4}.Release|x64.Build.0 = Release|Any CPU
		{A8876090-18E2-4962-B7A3-B0A191DE49D4}.Release|x86.ActiveCfg = Release|Any CPU
		{A8876090-18E2-4962-B7A3-B0A191DE49D4}.Release|x86.Build.0 = Release|Any CPU
		{678608FD-AB4E-422A-86E9-47066BD85D56}.Debug|Any CPU.ActiveCfg = Debug|Any CPU
		{678608FD-AB4E-422A-86E9-47066BD85D56}.Debug|Any CPU.Build.0 = Debug|Any CPU
		{678608FD-AB4E-422A-86E9-47066BD85D56}.Debug|x64.ActiveCfg = Debug|Any CPU
		{678608FD-AB4E-422A-86E9-47066BD85D56}.Debug|x64.Build.0 = Debug|Any CPU
		{678608FD-AB4E-422A-86E9-47066BD85D56}.Debug|x86.ActiveCfg = Debug|Any CPU
		{678608FD-AB4E-422A-86E9-47066BD85D56}.Debug|x86.Build.0 = Debug|Any CPU
		{678608FD-AB4E-422A-86E9-47066BD85D56}.Release|Any CPU.ActiveCfg = Release|Any CPU
		{678608FD-AB4E-422A-86E9-47066BD85D56}.Release|Any CPU.Build.0 = Release|Any CPU
		{678608FD-AB4E-422A-86E9-47066BD85D56}.Release|x64.ActiveCfg = Release|Any CPU
		{678608FD-AB4E-422A-86E9-47066BD85D56}.Release|x64.Build.0 = Release|Any CPU
		{678608FD-AB4E-422A-86E9-47066BD85D56}.Release|x86.ActiveCfg = Release|Any CPU
		{678608FD-AB4E-422A-86E9-47066BD85D56}.Release|x86.Build.0 = Release|Any CPU
		{AA92A836-78EA-429A-B75C-CEB22479ABC8}.Debug|Any CPU.ActiveCfg = Debug|Any CPU
		{AA92A836-78EA-429A-B75C-CEB22479ABC8}.Debug|Any CPU.Build.0 = Debug|Any CPU
		{AA92A836-78EA-429A-B75C-CEB22479ABC8}.Debug|x64.ActiveCfg = Debug|Any CPU
		{AA92A836-78EA-429A-B75C-CEB22479ABC8}.Debug|x64.Build.0 = Debug|Any CPU
		{AA92A836-78EA-429A-B75C-CEB22479ABC8}.Debug|x86.ActiveCfg = Debug|Any CPU
		{AA92A836-78EA-429A-B75C-CEB22479ABC8}.Debug|x86.Build.0 = Debug|Any CPU
		{AA92A836-78EA-429A-B75C-CEB22479ABC8}.Release|Any CPU.ActiveCfg = Release|Any CPU
		{AA92A836-78EA-429A-B75C-CEB22479ABC8}.Release|Any CPU.Build.0 = Release|Any CPU
		{AA92A836-78EA-429A-B75C-CEB22479ABC8}.Release|x64.ActiveCfg = Release|Any CPU
		{AA92A836-78EA-429A-B75C-CEB22479ABC8}.Release|x64.Build.0 = Release|Any CPU
		{AA92A836-78EA-429A-B75C-CEB22479ABC8}.Release|x86.ActiveCfg = Release|Any CPU
		{AA92A836-78EA-429A-B75C-CEB22479ABC8}.Release|x86.Build.0 = Release|Any CPU
	EndGlobalSection
	GlobalSection(SolutionProperties) = preSolution
		HideSolutionNode = FALSE
	EndGlobalSection
	GlobalSection(NestedProjects) = preSolution
		{3BECF88A-8440-4B81-9763-F3A380007248} = {AB2BBC7D-BD1A-4F69-AE7D-1F990D21DC05}
		{A8876090-18E2-4962-B7A3-B0A191DE49D4} = {AB2BBC7D-BD1A-4F69-AE7D-1F990D21DC05}
		{678608FD-AB4E-422A-86E9-47066BD85D56} = {0AB3BF05-4346-4AA6-1389-037BE0695223}
		{AA92A836-78EA-429A-B75C-CEB22479ABC8} = {0AB3BF05-4346-4AA6-1389-037BE0695223}
	EndGlobalSection
EndGlobal
